
Microsoft Visual Studio Solution File, Format Version 12.00
# Visual Studio Version 16
VisualStudioVersion = 16.0.31613.86
MinimumVisualStudioVersion = 10.0.40219.1
Project("{FAE04EC0-301F-11D3-BF4B-00C04F79EFBC}") = "Connect Me FCT", "Connect Me FCT\Connect Me FCT.csproj", "{46F17B8E-E90E-475D-A46E-EDDBFAA42293}"
EndProject
Global
	GlobalSection(SolutionConfigurationPlatforms) = preSolution
		Debug|Any CPU = Debug|Any CPU
		Release|Any CPU = Release|Any CPU
	EndGlobalSection
	GlobalSection(ProjectConfigurationPlatforms) = postSolution
		{46F17B8E-E90E-475D-A46E-EDDBFAA42293}.Debug|Any CPU.ActiveCfg = Debug|Any CPU
		{46F17B8E-E90E-475D-A46E-EDDBFAA42293}.Debug|Any CPU.Build.0 = Debug|Any CPU
		{46F17B8E-E90E-475D-A46E-EDDBFAA42293}.Release|Any CPU.ActiveCfg = Release|Any CPU
		{46F17B8E-E90E-475D-A46E-EDDBFAA42293}.Release|Any CPU.Build.0 = Release|Any CPU
	EndGlobalSection
	GlobalSection(SolutionProperties) = preSolution
		HideSolutionNode = FALSE
	EndGlobalSection
	GlobalSection(ExtensibilityGlobals) = postSolution
		SolutionGuid = {279513CF-EA8C-4FCB-975E-81D5A9BF5EE7}
	EndGlobalSection
EndGlobal
